
Microsoft Visual Studio Solution File, Format Version 12.00
# Visual Studio 14
VisualStudioVersion = 14.0.25420.1
MinimumVisualStudioVersion = 10.0.40219.1
Project("{F184B08F-C81C-45F6-A57F-5ABD9991F28F}") = "WinBackAddin", "WinBackAddin.vbproj", "{AA45FD47-0A9E-40D7-A9A1-5EF03F1F3C67}"
	ProjectSection(ProjectDependencies) = postProject
		{B9549613-9C0C-4BC3-82A5-21D834813A25} = {B9549613-9C0C-4BC3-82A5-21D834813A25}
	EndProjectSection
EndProject
Project("{F184B08F-C81C-45F6-A57F-5ABD9991F28F}") = "WinBackUnitTest", "WinBackUnitTest\WinBackUnitTest.vbproj", "{480334EB-F2AD-4F86-9C08-42E6B18D3D19}"
EndProject
Project("{F184B08F-C81C-45F6-A57F-5ABD9991F28F}") = "WinBackStart", "WinBackStart\WinBackStart.vbproj", "{2F6C260C-7F04-4223-B775-48309A1946EB}"
EndProject
Project("{2150E333-8FDC-42A3-9474-1A3956D46DE8}") = "WinBackOffice", "WinBackOffice", "{4BC71439-CE73-49E8-8801-D06CBD50904E}"
	ProjectSection(SolutionItems) = preProject
		..\..\..\..\..\Dokumente\Projekte\WinBackBüro\About.pas = ..\..\..\..\..\Dokumente\Projekte\WinBackBüro\About.pas
		..\..\..\..\..\Dokumente\Projekte\WinBackBüro\Anmeldung.pas = ..\..\..\..\..\Dokumente\Projekte\WinBackBüro\Anmeldung.pas
		..\..\..\..\..\Dokumente\Projekte\WinBackBüro\Artikel.pas = ..\..\..\..\..\Dokumente\Projekte\WinBackBüro\Artikel.pas
		..\..\..\..\..\Dokumente\Projekte\WinBackBüro\Artikel_Info.pas = ..\..\..\..\..\Dokumente\Projekte\WinBackBüro\Artikel_Info.pas
		..\..\..\..\..\Dokumente\Projekte\WinBackBüro\Artikel_suchen.pas = ..\..\..\..\..\Dokumente\Projekte\WinBackBüro\Artikel_suchen.pas
		..\..\..\..\..\Dokumente\Projekte\WinBackBüro\ArtikelInfoJSON.pas = ..\..\..\..\..\Dokumente\Projekte\WinBackBüro\ArtikelInfoJSON.pas
		..\..\..\..\..\Dokumente\Projekte\WinBackBüro\ArtikelReport.pas = ..\..\..\..\..\Dokumente\Projekte\WinBackBüro\ArtikelReport.pas
		..\..\..\..\..\Dokumente\Projekte\WinBackBüro\Bakelink.pas = ..\..\..\..\..\Dokumente\Projekte\WinBackBüro\Bakelink.pas
		..\..\..\..\..\Dokumente\Projekte\WinBackBüro\Bakelink1002.pas = ..\..\..\..\..\Dokumente\Projekte\WinBackBüro\Bakelink1002.pas
		..\..\..\..\..\Dokumente\Projekte\WinBackBüro\Editors.pas = ..\..\..\..\..\Dokumente\Projekte\WinBackBüro\Editors.pas
		..\..\..\..\..\Dokumente\Projekte\WinBackBüro\EnhEdit.pas = ..\..\..\..\..\Dokumente\Projekte\WinBackBüro\EnhEdit.pas
		..\..\..\..\..\Dokumente\Projekte\WinBackBüro\FindFiles.pas = ..\..\..\..\..\Dokumente\Projekte\WinBackBüro\FindFiles.pas
		..\..\..\..\..\Dokumente\Projekte\WinBackBüro\IdTelnet.pas = ..\..\..\..\..\Dokumente\Projekte\WinBackBüro\IdTelnet.pas
		..\..\..\..\..\Dokumente\Projekte\WinBackBüro\Inhaltsstoffe.pas = ..\..\..\..\..\Dokumente\Projekte\WinBackBüro\Inhaltsstoffe.pas
		..\..\..\..\..\Dokumente\Projekte\WinBackBüro\InventurListe.pas = ..\..\..\..\..\Dokumente\Projekte\WinBackBüro\InventurListe.pas
		..\..\..\..\..\Dokumente\Projekte\WinBackBüro\IPAdresse.pas = ..\..\..\..\..\Dokumente\Projekte\WinBackBüro\IPAdresse.pas
		..\..\..\..\..\Dokumente\Projekte\WinBackBüro\KneterKennlinie.pas = ..\..\..\..\..\Dokumente\Projekte\WinBackBüro\KneterKennlinie.pas
		..\..\..\..\..\Dokumente\Projekte\WinBackBüro\konfiguration.pas = ..\..\..\..\..\Dokumente\Projekte\WinBackBüro\konfiguration.pas
		..\..\..\..\..\Dokumente\Projekte\WinBackBüro\Lieferant_suchen.pas = ..\..\..\..\..\Dokumente\Projekte\WinBackBüro\Lieferant_suchen.pas
		..\..\..\..\..\Dokumente\Projekte\WinBackBüro\Lieferanten.pas = ..\..\..\..\..\Dokumente\Projekte\WinBackBüro\Lieferanten.pas
		..\..\..\..\..\Dokumente\Projekte\WinBackBüro\Liniengrp.pas = ..\..\..\..\..\Dokumente\Projekte\WinBackBüro\Liniengrp.pas
		..\..\..\..\..\Dokumente\Projekte\WinBackBüro\Material.pas = ..\..\..\..\..\Dokumente\Projekte\WinBackBüro\Material.pas
		..\..\..\..\..\Dokumente\Projekte\WinBackBüro\Material_Import.pas = ..\..\..\..\..\Dokumente\Projekte\WinBackBüro\Material_Import.pas
		..\..\..\..\..\Dokumente\Projekte\WinBackBüro\Material_suchen.pas = ..\..\..\..\..\Dokumente\Projekte\WinBackBüro\Material_suchen.pas
		..\..\..\..\..\Dokumente\Projekte\WinBackBüro\Material_tauschen.pas = ..\..\..\..\..\Dokumente\Projekte\WinBackBüro\Material_tauschen.pas
		..\..\..\..\..\Dokumente\Projekte\WinBackBüro\MaterialBestellung.pas = ..\..\..\..\..\Dokumente\Projekte\WinBackBüro\MaterialBestellung.pas
		..\..\..\..\..\Dokumente\Projekte\WinBackBüro\MaterialInventur.pas = ..\..\..\..\..\Dokumente\Projekte\WinBackBüro\MaterialInventur.pas
		..\..\..\..\..\Dokumente\Projekte\WinBackBüro\MaterialLieferung.pas = ..\..\..\..\..\Dokumente\Projekte\WinBackBüro\MaterialLieferung.pas
		..\..\..\..\..\Dokumente\Projekte\WinBackBüro\MaterialParameter.pas = ..\..\..\..\..\Dokumente\Projekte\WinBackBüro\MaterialParameter.pas
		..\..\..\..\..\Dokumente\Projekte\WinBackBüro\MaterialTemp.pas = ..\..\..\..\..\Dokumente\Projekte\WinBackBüro\MaterialTemp.pas
		..\..\..\..\..\Dokumente\Projekte\WinBackBüro\Message.pas = ..\..\..\..\..\Dokumente\Projekte\WinBackBüro\Message.pas
		..\..\..\..\..\Dokumente\Projekte\WinBackBüro\mORMotReport.pas = ..\..\..\..\..\Dokumente\Projekte\WinBackBüro\mORMotReport.pas
		..\..\..\..\..\Dokumente\Projekte\WinBackBüro\MySQLDrivers.pas = ..\..\..\..\..\Dokumente\Projekte\WinBackBüro\MySQLDrivers.pas
		..\..\..\..\..\Dokumente\Projekte\WinBackBüro\MySQLStrUtils.pas = ..\..\..\..\..\Dokumente\Projekte\WinBackBüro\MySQLStrUtils.pas
		..\..\..\..\..\Dokumente\Projekte\WinBackBüro\Plinkremote.pas = ..\..\..\..\..\Dokumente\Projekte\WinBackBüro\Plinkremote.pas
		..\..\..\..\..\Dokumente\Projekte\WinBackBüro\ProduktionDetails.pas = ..\..\..\..\..\Dokumente\Projekte\WinBackBüro\ProduktionDetails.pas
		..\..\..\..\..\Dokumente\Projekte\WinBackBüro\ProduktionMain.pas = ..\..\..\..\..\Dokumente\Projekte\WinBackBüro\ProduktionMain.pas
		..\..\..\..\..\Dokumente\Projekte\WinBackBüro\ProduktionsStufen.pas = ..\..\..\..\..\Dokumente\Projekte\WinBackBüro\ProduktionsStufen.pas
		..\..\..\..\..\Dokumente\Projekte\WinBackBüro\ProduktionVorlage.pas = ..\..\..\..\..\Dokumente\Projekte\WinBackBüro\ProduktionVorlage.pas
		..\..\..\..\..\Dokumente\Projekte\WinBackBüro\qr4const.pas = ..\..\..\..\..\Dokumente\Projekte\WinBackBüro\qr4const.pas
		..\..\..\..\..\Dokumente\Projekte\WinBackBüro\QRArtikelStamm.pas = ..\..\..\..\..\Dokumente\Projekte\WinBackBüro\QRArtikelStamm.pas
		..\..\..\..\..\Dokumente\Projekte\WinBackBüro\QRBestellung.pas = ..\..\..\..\..\Dokumente\Projekte\WinBackBüro\QRBestellung.pas
		..\..\..\..\..\Dokumente\Projekte\WinBackBüro\QRezeptStamm.pas = ..\..\..\..\..\Dokumente\Projekte\WinBackBüro\QRezeptStamm.pas
		..\..\..\..\..\Dokumente\Projekte\WinBackBüro\QRezeptStammHis.pas = ..\..\..\..\..\Dokumente\Projekte\WinBackBüro\QRezeptStammHis.pas
		..\..\..\..\..\Dokumente\Projekte\WinBackBüro\QRLieferanten.pas = ..\..\..\..\..\Dokumente\Projekte\WinBackBüro\QRLieferanten.pas
		..\..\..\..\..\Dokumente\Projekte\WinBackBüro\QRLieferantenStamm.pas = ..\..\..\..\..\Dokumente\Projekte\WinBackBüro\QRLieferantenStamm.pas
		..\..\..\..\..\Dokumente\Projekte\WinBackBüro\QRLieferung.pas = ..\..\..\..\..\Dokumente\Projekte\WinBackBüro\QRLieferung.pas
		..\..\..\..\..\Dokumente\Projekte\WinBackBüro\QRMaterialReport.pas = ..\..\..\..\..\Dokumente\Projekte\WinBackBüro\QRMaterialReport.pas
		..\..\..\..\..\Dokumente\Projekte\WinBackBüro\QRRezept.pas = ..\..\..\..\..\Dokumente\Projekte\WinBackBüro\QRRezept.pas
		..\..\..\..\..\Dokumente\Projekte\WinBackBüro\QRStatChargen.pas = ..\..\..\..\..\Dokumente\Projekte\WinBackBüro\QRStatChargen.pas
		..\..\..\..\..\Dokumente\Projekte\WinBackBüro\QRStatKomp.pas = ..\..\..\..\..\Dokumente\Projekte\WinBackBüro\QRStatKomp.pas
		..\..\..\..\..\Dokumente\Projekte\WinBackBüro\QRStatRezepte.pas = ..\..\..\..\..\Dokumente\Projekte\WinBackBüro\QRStatRezepte.pas
		..\..\..\..\..\Dokumente\Projekte\WinBackBüro\QRStatRezepteDetail.pas = ..\..\..\..\..\Dokumente\Projekte\WinBackBüro\QRStatRezepteDetail.pas
		..\..\..\..\..\Dokumente\Projekte\WinBackBüro\QRStatTeigruhe.pas = ..\..\..\..\..\Dokumente\Projekte\WinBackBüro\QRStatTeigruhe.pas
		..\..\..\..\..\Dokumente\Projekte\WinBackBüro\QRStatVerbrauch.pas = ..\..\..\..\..\Dokumente\Projekte\WinBackBüro\QRStatVerbrauch.pas
		..\..\..\..\..\Dokumente\Projekte\WinBackBüro\QRVergleichLieferanten.pas = ..\..\..\..\..\Dokumente\Projekte\WinBackBüro\QRVergleichLieferanten.pas
		..\..\..\..\..\Dokumente\Projekte\WinBackBüro\QRWarenEingang.pas = ..\..\..\..\..\Dokumente\Projekte\WinBackBüro\QRWarenEingang.pas
		..\..\..\..\..\Dokumente\Projekte\WinBackBüro\rawprinting.pas = ..\..\..\..\..\Dokumente\Projekte\WinBackBüro\rawprinting.pas
		..\..\..\..\..\Dokumente\Projekte\WinBackBüro\rezept.pas = ..\..\..\..\..\Dokumente\Projekte\WinBackBüro\rezept.pas
		..\..\..\..\..\Dokumente\Projekte\WinBackBüro\Rezept_Export.pas = ..\..\..\..\..\Dokumente\Projekte\WinBackBüro\Rezept_Export.pas
		..\..\..\..\..\Dokumente\Projekte\WinBackBüro\Rezept_Sauer.pas = ..\..\..\..\..\Dokumente\Projekte\WinBackBüro\Rezept_Sauer.pas
		..\..\..\..\..\Dokumente\Projekte\WinBackBüro\Rezept_suchen.pas = ..\..\..\..\..\Dokumente\Projekte\WinBackBüro\Rezept_suchen.pas
		..\..\..\..\..\Dokumente\Projekte\WinBackBüro\Rohgrp.pas = ..\..\..\..\..\Dokumente\Projekte\WinBackBüro\Rohgrp.pas
		..\..\..\..\..\Dokumente\Projekte\WinBackBüro\SerCom.pas = ..\..\..\..\..\Dokumente\Projekte\WinBackBüro\SerCom.pas
		..\..\..\..\..\Dokumente\Projekte\WinBackBüro\SHChangeNotify.pas = ..\..\..\..\..\Dokumente\Projekte\WinBackBüro\SHChangeNotify.pas
		..\..\..\..\..\Dokumente\Projekte\WinBackBüro\Splash.pas = ..\..\..\..\..\Dokumente\Projekte\WinBackBüro\Splash.pas
		..\..\..\..\..\Dokumente\Projekte\WinBackBüro\SRUtils.pas = ..\..\..\..\..\Dokumente\Projekte\WinBackBüro\SRUtils.pas
		..\..\..\..\..\Dokumente\Projekte\WinBackBüro\sshClient.pas = ..\..\..\..\..\Dokumente\Projekte\WinBackBüro\sshClient.pas
		..\..\..\..\..\Dokumente\Projekte\WinBackBüro\Statistik_Chargen.pas = ..\..\..\..\..\Dokumente\Projekte\WinBackBüro\Statistik_Chargen.pas
		..\..\..\..\..\Dokumente\Projekte\WinBackBüro\Statistik_Rezept.pas = ..\..\..\..\..\Dokumente\Projekte\WinBackBüro\Statistik_Rezept.pas
		..\..\..\..\..\Dokumente\Projekte\WinBackBüro\Statistik_Rohstoffe.pas = ..\..\..\..\..\Dokumente\Projekte\WinBackBüro\Statistik_Rohstoffe.pas
		..\..\..\..\..\Dokumente\Projekte\WinBackBüro\Statistik_Verbrauch.pas = ..\..\..\..\..\Dokumente\Projekte\WinBackBüro\Statistik_Verbrauch.pas
		..\..\..\..\..\Dokumente\Projekte\WinBackBüro\SynCommons.pas = ..\..\..\..\..\Dokumente\Projekte\WinBackBüro\SynCommons.pas
		..\..\..\..\..\Dokumente\Projekte\WinBackBüro\SynCrypto.pas = ..\..\..\..\..\Dokumente\Projekte\WinBackBüro\SynCrypto.pas
		..\..\..\..\..\Dokumente\Projekte\WinBackBüro\SynGdiPlus.pas = ..\..\..\..\..\Dokumente\Projekte\WinBackBüro\SynGdiPlus.pas
		..\..\..\..\..\Dokumente\Projekte\WinBackBüro\SynLZ.pas = ..\..\..\..\..\Dokumente\Projekte\WinBackBüro\SynLZ.pas
		..\..\..\..\..\Dokumente\Projekte\WinBackBüro\SynPdf.pas = ..\..\..\..\..\Dokumente\Projekte\WinBackBüro\SynPdf.pas
		..\..\..\..\..\Dokumente\Projekte\WinBackBüro\SynZip.pas = ..\..\..\..\..\Dokumente\Projekte\WinBackBüro\SynZip.pas
		..\..\..\..\..\Dokumente\Projekte\WinBackBüro\SysKonfig.pas = ..\..\..\..\..\Dokumente\Projekte\WinBackBüro\SysKonfig.pas
		..\..\..\..\..\Dokumente\Projekte\WinBackBüro\Tageswechsel.pas = ..\..\..\..\..\Dokumente\Projekte\WinBackBüro\Tageswechsel.pas
		..\..\..\..\..\Dokumente\Projekte\WinBackBüro\Telnet.pas = ..\..\..\..\..\Dokumente\Projekte\WinBackBüro\Telnet.pas
		..\..\..\..\..\Dokumente\Projekte\WinBackBüro\uLkJSON.pas = ..\..\..\..\..\Dokumente\Projekte\WinBackBüro\uLkJSON.pas
		..\..\..\..\..\Dokumente\Projekte\WinBackBüro\Update.pas = ..\..\..\..\..\Dokumente\Projekte\WinBackBüro\Update.pas
		..\..\..\..\..\Dokumente\Projekte\WinBackBüro\UPipeThread.pas = ..\..\..\..\..\Dokumente\Projekte\WinBackBüro\UPipeThread.pas
		..\..\..\..\..\Dokumente\Projekte\WinBackBüro\UScanDate.pas = ..\..\..\..\..\Dokumente\Projekte\WinBackBüro\UScanDate.pas
		..\..\..\..\..\Dokumente\Projekte\WinBackBüro\user.pas = ..\..\..\..\..\Dokumente\Projekte\WinBackBüro\user.pas
		..\..\..\..\..\Dokumente\Projekte\WinBackBüro\Usergrp.pas = ..\..\..\..\..\Dokumente\Projekte\WinBackBüro\Usergrp.pas
		..\..\..\..\..\Dokumente\Projekte\WinBackBüro\UserGruppen.pas = ..\..\..\..\..\Dokumente\Projekte\WinBackBüro\UserGruppen.pas
		..\..\..\..\..\Dokumente\Projekte\WinBackBüro\UserReport.pas = ..\..\..\..\..\Dokumente\Projekte\WinBackBüro\UserReport.pas
		..\..\..\..\..\Dokumente\Projekte\WinBackBüro\Varianten.pas = ..\..\..\..\..\Dokumente\Projekte\WinBackBüro\Varianten.pas
		..\..\..\..\..\Dokumente\Projekte\WinBackBüro\VistaMenu.pas = ..\..\..\..\..\Dokumente\Projekte\WinBackBüro\VistaMenu.pas
		..\..\..\..\..\Dokumente\Projekte\WinBackBüro\Vnc.pas = ..\..\..\..\..\Dokumente\Projekte\WinBackBüro\Vnc.pas
		..\..\..\..\..\Dokumente\Projekte\WinBackBüro\wb_global.pas = ..\..\..\..\..\Dokumente\Projekte\WinBackBüro\wb_global.pas
		..\..\..\..\..\Dokumente\Projekte\WinBackBüro\wbCloud.pas = ..\..\..\..\..\Dokumente\Projekte\WinBackBüro\wbCloud.pas
		..\..\..\..\..\Dokumente\Projekte\WinBackBüro\wbDatenLink.pas = ..\..\..\..\..\Dokumente\Projekte\WinBackBüro\wbDatenLink.pas
		..\..\..\..\..\Dokumente\Projekte\WinBackBüro\Win_Detail.pas = ..\..\..\..\..\Dokumente\Projekte\WinBackBüro\Win_Detail.pas
		..\..\..\..\..\Dokumente\Projekte\WinBackBüro\Win_His_Rezept.pas = ..\..\..\..\..\Dokumente\Projekte\WinBackBüro\Win_His_Rezept.pas
		..\..\..\..\..\Dokumente\Projekte\WinBackBüro\Win_IniFiles.pas = ..\..\..\..\..\Dokumente\Projekte\WinBackBüro\Win_IniFiles.pas
		..\..\..\..\..\Dokumente\Projekte\WinBackBüro\Win_Rezept.pas = ..\..\..\..\..\Dokumente\Projekte\WinBackBüro\Win_Rezept.pas
		..\..\..\..\..\Dokumente\Projekte\WinBackBüro\WinbackA_global.pas = ..\..\..\..\..\Dokumente\Projekte\WinBackBüro\WinbackA_global.pas
		..\..\..\..\..\Dokumente\Projekte\WinBackBüro\WinBackA_main.pas = ..\..\..\..\..\Dokumente\Projekte\WinBackBüro\WinBackA_main.pas
		..\..\..\..\..\Dokumente\Projekte\WinBackBüro\WinbackADM.pas = ..\..\..\..\..\Dokumente\Projekte\WinBackBüro\WinbackADM.pas
		..\..\..\..\..\Dokumente\Projekte\WinBackBüro\Wizard.PAS = ..\..\..\..\..\Dokumente\Projekte\WinBackBüro\Wizard.PAS
		..\..\..\..\..\Dokumente\Projekte\WinBackBüro\Zuordnung.pas = ..\..\..\..\..\Dokumente\Projekte\WinBackBüro\Zuordnung.pas
	EndProjectSection
EndProject
Project("{F184B08F-C81C-45F6-A57F-5ABD9991F28F}") = "WinBackServerTask", "WinBackServerTask\WinBackServerTask.vbproj", "{6F2FB1A3-C432-4DE9-9BAC-E52243CB58B8}"
	ProjectSection(ProjectDependencies) = postProject
		{AA45FD47-0A9E-40D7-A9A1-5EF03F1F3C67} = {AA45FD47-0A9E-40D7-A9A1-5EF03F1F3C67}
	EndProjectSection
EndProject
Project("{F184B08F-C81C-45F6-A57F-5ABD9991F28F}") = "EnhancedEdit", "EnhancedEdit\EnhancedEdit.vbproj", "{B9549613-9C0C-4BC3-82A5-21D834813A25}"
EndProject
Project("{2150E333-8FDC-42A3-9474-1A3956D46DE8}") = "Batch", "Batch", "{84FB1C84-D108-4D40-8C86-65CA58B0BFBE}"
	ProjectSection(SolutionItems) = preProject
		Batch\WinBackAddin.build.release.bat = Batch\WinBackAddin.build.release.bat
		Batch\WinBackAddin.getVersion.bat = Batch\WinBackAddin.getVersion.bat
		Batch\WinBackAddin.unittest.debug.bat = Batch\WinBackAddin.unittest.debug.bat
		Batch\WinBackAddin.unittest.release.bat = Batch\WinBackAddin.unittest.release.bat
	EndProjectSection
EndProject
Project("{2150E333-8FDC-42A3-9474-1A3956D46DE8}") = "Solution Items", "Solution Items", "{266549E8-65C8-49BF-95F7-4F16D7E2CC6B}"
	ProjectSection(SolutionItems) = preProject
		Perl\prodimport-sub.pm = Perl\prodimport-sub.pm
		Perl\prodimport.pl = Perl\prodimport.pl
	EndProjectSection
EndProject
Project("{930C7802-8A8C-48F9-8165-68863BCCD9DD}") = "WinBackSetup", "WinBackSetup\WinBackSetup.wixproj", "{A5D09341-D791-43D3-9562-5333F6445F1D}"
EndProject
Project("{F184B08F-C81C-45F6-A57F-5ABD9991F28F}") = "WinBackSetup_CA", "WinBackSetup_CA\ManagedSetupHelperDll\WinBackSetup_CA.vbproj", "{CFC108AB-E371-4106-918B-5BD941E7CB68}"
EndProject
Global
	GlobalSection(SolutionConfigurationPlatforms) = preSolution
		DB_Brotmacher|x86 = DB_Brotmacher|x86
		DB_Fonk|x86 = DB_Fonk|x86
		DB_OrgaBack|x86 = DB_OrgaBack|x86
		DB_UnitTest|x86 = DB_UnitTest|x86
		DB_Weber|x86 = DB_Weber|x86
		Debug|x86 = Debug|x86
		Release|x86 = Release|x86
	EndGlobalSection
	GlobalSection(ProjectConfigurationPlatforms) = postSolution
		{AA45FD47-0A9E-40D7-A9A1-5EF03F1F3C67}.DB_Brotmacher|x86.ActiveCfg = Debug-M1|x86
		{AA45FD47-0A9E-40D7-A9A1-5EF03F1F3C67}.DB_Brotmacher|x86.Build.0 = Debug-M1|x86
		{AA45FD47-0A9E-40D7-A9A1-5EF03F1F3C67}.DB_Fonk|x86.ActiveCfg = Debug-M5|x86
		{AA45FD47-0A9E-40D7-A9A1-5EF03F1F3C67}.DB_Fonk|x86.Build.0 = Debug-M5|x86
		{AA45FD47-0A9E-40D7-A9A1-5EF03F1F3C67}.DB_OrgaBack|x86.ActiveCfg = Debug-M2|x86
		{AA45FD47-0A9E-40D7-A9A1-5EF03F1F3C67}.DB_OrgaBack|x86.Build.0 = Debug-M2|x86
		{AA45FD47-0A9E-40D7-A9A1-5EF03F1F3C67}.DB_UnitTest|x86.ActiveCfg = Debug-M3|x86
		{AA45FD47-0A9E-40D7-A9A1-5EF03F1F3C67}.DB_UnitTest|x86.Build.0 = Debug-M3|x86
		{AA45FD47-0A9E-40D7-A9A1-5EF03F1F3C67}.DB_Weber|x86.ActiveCfg = Debug-M4|x86
		{AA45FD47-0A9E-40D7-A9A1-5EF03F1F3C67}.DB_Weber|x86.Build.0 = Debug-M4|x86
		{AA45FD47-0A9E-40D7-A9A1-5EF03F1F3C67}.Debug|x86.ActiveCfg = Debug|x86
		{AA45FD47-0A9E-40D7-A9A1-5EF03F1F3C67}.Debug|x86.Build.0 = Debug|x86
		{AA45FD47-0A9E-40D7-A9A1-5EF03F1F3C67}.Release|x86.ActiveCfg = Release|x86
		{AA45FD47-0A9E-40D7-A9A1-5EF03F1F3C67}.Release|x86.Build.0 = Release|x86
		{480334EB-F2AD-4F86-9C08-42E6B18D3D19}.DB_Brotmacher|x86.ActiveCfg = Debug-M1|x86
		{480334EB-F2AD-4F86-9C08-42E6B18D3D19}.DB_Fonk|x86.ActiveCfg = Debug-M5|x86
		{480334EB-F2AD-4F86-9C08-42E6B18D3D19}.DB_OrgaBack|x86.ActiveCfg = Debug-M2|x86
		{480334EB-F2AD-4F86-9C08-42E6B18D3D19}.DB_UnitTest|x86.ActiveCfg = Debug-M3|x86
		{480334EB-F2AD-4F86-9C08-42E6B18D3D19}.DB_UnitTest|x86.Build.0 = Debug-M3|x86
		{480334EB-F2AD-4F86-9C08-42E6B18D3D19}.DB_Weber|x86.ActiveCfg = Debug-M4|x86
		{480334EB-F2AD-4F86-9C08-42E6B18D3D19}.Debug|x86.ActiveCfg = Debug|x86
		{480334EB-F2AD-4F86-9C08-42E6B18D3D19}.Release|x86.ActiveCfg = Release|x86
		{2F6C260C-7F04-4223-B775-48309A1946EB}.DB_Brotmacher|x86.ActiveCfg = Debug-M1|x86
		{2F6C260C-7F04-4223-B775-48309A1946EB}.DB_Fonk|x86.ActiveCfg = Debug-M5|x86
		{2F6C260C-7F04-4223-B775-48309A1946EB}.DB_OrgaBack|x86.ActiveCfg = Debug-M2|x86
		{2F6C260C-7F04-4223-B775-48309A1946EB}.DB_UnitTest|x86.ActiveCfg = Debug-M3|x86
		{2F6C260C-7F04-4223-B775-48309A1946EB}.DB_UnitTest|x86.Build.0 = Debug-M3|x86
		{2F6C260C-7F04-4223-B775-48309A1946EB}.DB_Weber|x86.ActiveCfg = Debug-M4|x86
		{2F6C260C-7F04-4223-B775-48309A1946EB}.Debug|x86.ActiveCfg = Debug|x86
		{2F6C260C-7F04-4223-B775-48309A1946EB}.Release|x86.ActiveCfg = Release|x86
		{6F2FB1A3-C432-4DE9-9BAC-E52243CB58B8}.DB_Brotmacher|x86.ActiveCfg = Debug-M1|x86
		{6F2FB1A3-C432-4DE9-9BAC-E52243CB58B8}.DB_Brotmacher|x86.Build.0 = Debug-M1|x86
		{6F2FB1A3-C432-4DE9-9BAC-E52243CB58B8}.DB_Fonk|x86.ActiveCfg = Debug-M5|x86
		{6F2FB1A3-C432-4DE9-9BAC-E52243CB58B8}.DB_Fonk|x86.Build.0 = Debug-M5|x86
		{6F2FB1A3-C432-4DE9-9BAC-E52243CB58B8}.DB_OrgaBack|x86.ActiveCfg = Debug-M2|x86
		{6F2FB1A3-C432-4DE9-9BAC-E52243CB58B8}.DB_OrgaBack|x86.Build.0 = Debug-M2|x86
		{6F2FB1A3-C432-4DE9-9BAC-E52243CB58B8}.DB_UnitTest|x86.ActiveCfg = Debug-M3|x86
		{6F2FB1A3-C432-4DE9-9BAC-E52243CB58B8}.DB_UnitTest|x86.Build.0 = Debug-M3|x86
		{6F2FB1A3-C432-4DE9-9BAC-E52243CB58B8}.DB_Weber|x86.ActiveCfg = Debug-M4|x86
		{6F2FB1A3-C432-4DE9-9BAC-E52243CB58B8}.DB_Weber|x86.Build.0 = Debug-M4|x86
		{6F2FB1A3-C432-4DE9-9BAC-E52243CB58B8}.Debug|x86.ActiveCfg = Debug|x86
		{6F2FB1A3-C432-4DE9-9BAC-E52243CB58B8}.Debug|x86.Build.0 = Debug|x86
		{6F2FB1A3-C432-4DE9-9BAC-E52243CB58B8}.Release|x86.ActiveCfg = Release|x86
		{6F2FB1A3-C432-4DE9-9BAC-E52243CB58B8}.Release|x86.Build.0 = Release|x86
		{B9549613-9C0C-4BC3-82A5-21D834813A25}.DB_Brotmacher|x86.ActiveCfg = Debug|x86
		{B9549613-9C0C-4BC3-82A5-21D834813A25}.DB_Brotmacher|x86.Build.0 = Debug|x86
		{B9549613-9C0C-4BC3-82A5-21D834813A25}.DB_Fonk|x86.ActiveCfg = Debug|x86
		{B9549613-9C0C-4BC3-82A5-21D834813A25}.DB_Fonk|x86.Build.0 = Debug|x86
		{B9549613-9C0C-4BC3-82A5-21D834813A25}.DB_OrgaBack|x86.ActiveCfg = Debug|x86
		{B9549613-9C0C-4BC3-82A5-21D834813A25}.DB_OrgaBack|x86.Build.0 = Debug|x86
		{B9549613-9C0C-4BC3-82A5-21D834813A25}.DB_UnitTest|x86.ActiveCfg = Debug|x86
		{B9549613-9C0C-4BC3-82A5-21D834813A25}.DB_UnitTest|x86.Build.0 = Debug|x86
		{B9549613-9C0C-4BC3-82A5-21D834813A25}.DB_Weber|x86.ActiveCfg = Debug|x86
		{B9549613-9C0C-4BC3-82A5-21D834813A25}.DB_Weber|x86.Build.0 = Debug|x86
		{B9549613-9C0C-4BC3-82A5-21D834813A25}.Debug|x86.ActiveCfg = Debug|x86
		{B9549613-9C0C-4BC3-82A5-21D834813A25}.Debug|x86.Build.0 = Debug|x86
		{B9549613-9C0C-4BC3-82A5-21D834813A25}.Release|x86.ActiveCfg = Release|x86
		{B9549613-9C0C-4BC3-82A5-21D834813A25}.Release|x86.Build.0 = Release|x86
		{A5D09341-D791-43D3-9562-5333F6445F1D}.DB_Brotmacher|x86.ActiveCfg = Debug|x86
		{A5D09341-D791-43D3-9562-5333F6445F1D}.DB_Fonk|x86.ActiveCfg = Debug|x86
		{A5D09341-D791-43D3-9562-5333F6445F1D}.DB_OrgaBack|x86.ActiveCfg = Debug|x86
		{A5D09341-D791-43D3-9562-5333F6445F1D}.DB_UnitTest|x86.ActiveCfg = Debug|x86
		{A5D09341-D791-43D3-9562-5333F6445F1D}.DB_Weber|x86.ActiveCfg = Debug|x86
		{A5D09341-D791-43D3-9562-5333F6445F1D}.Debug|x86.ActiveCfg = Debug|x86
		{A5D09341-D791-43D3-9562-5333F6445F1D}.Release|x86.ActiveCfg = Release|x86
		{A5D09341-D791-43D3-9562-5333F6445F1D}.Release|x86.Build.0 = Release|x86
		{CFC108AB-E371-4106-918B-5BD941E7CB68}.DB_Brotmacher|x86.ActiveCfg = Debug|x86
		{CFC108AB-E371-4106-918B-5BD941E7CB68}.DB_Fonk|x86.ActiveCfg = Debug|x86
		{CFC108AB-E371-4106-918B-5BD941E7CB68}.DB_OrgaBack|x86.ActiveCfg = Debug|x86
		{CFC108AB-E371-4106-918B-5BD941E7CB68}.DB_UnitTest|x86.ActiveCfg = Debug|x86
		{CFC108AB-E371-4106-918B-5BD941E7CB68}.DB_Weber|x86.ActiveCfg = Debug|x86
		{CFC108AB-E371-4106-918B-5BD941E7CB68}.Debug|x86.ActiveCfg = Debug|x86
		{CFC108AB-E371-4106-918B-5BD941E7CB68}.Release|x86.ActiveCfg = Release|x86
		{CFC108AB-E371-4106-918B-5BD941E7CB68}.Release|x86.Build.0 = Release|x86
	EndGlobalSection
	GlobalSection(SolutionProperties) = preSolution
		HideSolutionNode = FALSE
	EndGlobalSection
	GlobalSection(ExtensibilityGlobals) = postSolution
		RESX_NeutralResourcesLanguage = de-DE
		RESX_AutoCreateNewLanguageFiles = False
	EndGlobalSection
EndGlobal
